
Microsoft Visual Studio Solution File, Format Version 12.00
# Visual Studio Version 16
VisualStudioVersion = 16.0.30320.27
MinimumVisualStudioVersion = 10.0.40219.1
Project("{FAE04EC0-301F-11D3-BF4B-00C04F79EFBC}") = "Singleton", "Singleton\Singleton.csproj", "{A046E444-A1D6-4599-897E-05D6BF2E480E}"
EndProject
Project("{FAE04EC0-301F-11D3-BF4B-00C04F79EFBC}") = "FactoryMethod", "FactoryMethod\FactoryMethod.csproj", "{F733C2ED-C5DC-4473-9E6B-1C29179CFAF9}"
EndProject
Project("{FAE04EC0-301F-11D3-BF4B-00C04F79EFBC}") = "Builder", "Builder\Builder.csproj", "{39F23CF8-968B-45DD-A586-36EC3534D83F}"
EndProject
Project("{FAE04EC0-301F-11D3-BF4B-00C04F79EFBC}") = "Strategy", "Strategy\Strategy.csproj", "{EDB58414-0193-4A56-AE96-4698107EA967}"
EndProject
Project("{FAE04EC0-301F-11D3-BF4B-00C04F79EFBC}") = "Decorator", "Decorator\Decorator.csproj", "{89B4C445-5C81-41B8-A804-779311CE7D13}"
EndProject
Project("{FAE04EC0-301F-11D3-BF4B-00C04F79EFBC}") = "AbstractFactory", "AbstractFactory\AbstractFactory.csproj", "{DF976039-A9D2-4A03-85D1-F68EECF3670B}"
EndProject
Project("{FAE04EC0-301F-11D3-BF4B-00C04F79EFBC}") = "Observer", "Observer\Observer.csproj", "{BA54870C-23E6-4E05-9BF0-99B14BC5F4FD}"
EndProject
Project("{FAE04EC0-301F-11D3-BF4B-00C04F79EFBC}") = "Command", "Command\Command.csproj", "{38DB1B08-367F-4F80-98DD-1501DD632D91}"
EndProject
Project("{FAE04EC0-301F-11D3-BF4B-00C04F79EFBC}") = "Adapter", "Adapter\Adapter.csproj", "{09A5D5E0-7895-48A4-A3ED-9F47C76DA625}"
EndProject
Project("{FAE04EC0-301F-11D3-BF4B-00C04F79EFBC}") = "Facade", "Facade\Facade.csproj", "{6D2DFD5B-FB2E-4498-AD6E-3AA50AA94A44}"
EndProject
Project("{FAE04EC0-301F-11D3-BF4B-00C04F79EFBC}") = "TemplateMethod", "TemplateMethod\TemplateMethod.csproj", "{91E79111-EDB3-4870-92E5-9822111E7F7C}"
EndProject
Project("{FAE04EC0-301F-11D3-BF4B-00C04F79EFBC}") = "State", "State\State.csproj", "{7618C2B5-F2ED-444D-9F79-FBE0CBEFD26D}"
EndProject
Project("{FAE04EC0-301F-11D3-BF4B-00C04F79EFBC}") = "Bridge", "Bridge\Bridge.csproj", "{A00ED422-5E53-4B3B-AFE8-6F8476C6A883}"
EndProject
Project("{FAE04EC0-301F-11D3-BF4B-00C04F79EFBC}") = "Composite", "Composite\Composite.csproj", "{AD84F715-8134-46D0-86A2-2F2EAC733489}"
EndProject
Project("{FAE04EC0-301F-11D3-BF4B-00C04F79EFBC}") = "Flyweight", "Flyweight\Flyweight.csproj", "{BEB96AF2-9C39-45FB-A1D3-D8449BC46F88}"
EndProject
Project("{FAE04EC0-301F-11D3-BF4B-00C04F79EFBC}") = "Proxy", "Proxy\Proxy.csproj", "{F6A26FBF-D3D9-458A-A53C-9277239CC09C}"
EndProject
Project("{FAE04EC0-301F-11D3-BF4B-00C04F79EFBC}") = "ChainOfResponsibility", "ChainOfResponsibility\ChainOfResponsibility.csproj", "{E01D7D8F-7780-42C4-9F64-0BE3DE432380}"
EndProject
Project("{FAE04EC0-301F-11D3-BF4B-00C04F79EFBC}") = "Iterator", "Iterator\Iterator.csproj", "{72629E64-FB64-4DAF-BE83-BF0E8896915F}"
EndProject
Project("{FAE04EC0-301F-11D3-BF4B-00C04F79EFBC}") = "Mediator", "Mediator\Mediator.csproj", "{CB61FC39-E18B-44AD-8C6E-D6B787303074}"
EndProject
Project("{FAE04EC0-301F-11D3-BF4B-00C04F79EFBC}") = "Memento", "Memento\Memento.csproj", "{3104D349-3127-4D45-85C7-36079C2D3F7E}"
EndProject
Project("{FAE04EC0-301F-11D3-BF4B-00C04F79EFBC}") = "Visitor", "Visitor\Visitor.csproj", "{C6FA9A9F-C8A2-4B4E-A8FB-DB963A560BEA}"
EndProject
Global
	GlobalSection(SolutionConfigurationPlatforms) = preSolution
		Debug|Any CPU = Debug|Any CPU
		Release|Any CPU = Release|Any CPU
	EndGlobalSection
	GlobalSection(ProjectConfigurationPlatforms) = postSolution
		{A046E444-A1D6-4599-897E-05D6BF2E480E}.Debug|Any CPU.ActiveCfg = Debug|Any CPU
		{A046E444-A1D6-4599-897E-05D6BF2E480E}.Debug|Any CPU.Build.0 = Debug|Any CPU
		{A046E444-A1D6-4599-897E-05D6BF2E480E}.Release|Any CPU.ActiveCfg = Release|Any CPU
		{A046E444-A1D6-4599-897E-05D6BF2E480E}.Release|Any CPU.Build.0 = Release|Any CPU
		{F733C2ED-C5DC-4473-9E6B-1C29179CFAF9}.Debug|Any CPU.ActiveCfg = Debug|Any CPU
		{F733C2ED-C5DC-4473-9E6B-1C29179CFAF9}.Debug|Any CPU.Build.0 = Debug|Any CPU
		{F733C2ED-C5DC-4473-9E6B-1C29179CFAF9}.Release|Any CPU.ActiveCfg = Release|Any CPU
		{F733C2ED-C5DC-4473-9E6B-1C29179CFAF9}.Release|Any CPU.Build.0 = Release|Any CPU
		{39F23CF8-968B-45DD-A586-36EC3534D83F}.Debug|Any CPU.ActiveCfg = Debug|Any CPU
		{39F23CF8-968B-45DD-A586-36EC3534D83F}.Debug|Any CPU.Build.0 = Debug|Any CPU
		{39F23CF8-968B-45DD-A586-36EC3534D83F}.Release|Any CPU.ActiveCfg = Release|Any CPU
		{39F23CF8-968B-45DD-A586-36EC3534D83F}.Release|Any CPU.Build.0 = Release|Any CPU
		{EDB58414-0193-4A56-AE96-4698107EA967}.Debug|Any CPU.ActiveCfg = Debug|Any CPU
		{EDB58414-0193-4A56-AE96-4698107EA967}.Debug|Any CPU.Build.0 = Debug|Any CPU
		{EDB58414-0193-4A56-AE96-4698107EA967}.Release|Any CPU.ActiveCfg = Release|Any CPU
		{EDB58414-0193-4A56-AE96-4698107EA967}.Release|Any CPU.Build.0 = Release|Any CPU
		{89B4C445-5C81-41B8-A804-779311CE7D13}.Debug|Any CPU.ActiveCfg = Debug|Any CPU
		{89B4C445-5C81-41B8-A804-779311CE7D13}.Debug|Any CPU.Build.0 = Debug|Any CPU
		{89B4C445-5C81-41B8-A804-779311CE7D13}.Release|Any CPU.ActiveCfg = Release|Any CPU
		{89B4C445-5C81-41B8-A804-779311CE7D13}.Release|Any CPU.Build.0 = Release|Any CPU
		{DF976039-A9D2-4A03-85D1-F68EECF3670B}.Debug|Any CPU.ActiveCfg = Debug|Any CPU
		{DF976039-A9D2-4A03-85D1-F68EECF3670B}.Debug|Any CPU.Build.0 = Debug|Any CPU
		{DF976039-A9D2-4A03-85D1-F68EECF3670B}.Release|Any CPU.ActiveCfg = Release|Any CPU
		{DF976039-A9D2-4A03-85D1-F68EECF3670B}.Release|Any CPU.Build.0 = Release|Any CPU
		{BA54870C-23E6-4E05-9BF0-99B14BC5F4FD}.Debug|Any CPU.ActiveCfg = Debug|Any CPU
		{BA54870C-23E6-4E05-9BF0-99B14BC5F4FD}.Debug|Any CPU.Build.0 = Debug|Any CPU
		{BA54870C-23E6-4E05-9BF0-99B14BC5F4FD}.Release|Any CPU.ActiveCfg = Release|Any CPU
		{BA54870C-23E6-4E05-9BF0-99B14BC5F4FD}.Release|Any CPU.Build.0 = Release|Any CPU
		{38DB1B08-367F-4F80-98DD-1501DD632D91}.Debug|Any CPU.ActiveCfg = Debug|Any CPU
		{38DB1B08-367F-4F80-98DD-1501DD632D91}.Debug|Any CPU.Build.0 = Debug|Any CPU
		{38DB1B08-367F-4F80-98DD-1501DD632D91}.Release|Any CPU.ActiveCfg = Release|Any CPU
		{38DB1B08-367F-4F80-98DD-1501DD632D91}.Release|Any CPU.Build.0 = Release|Any CPU
		{09A5D5E0-7895-48A4-A3ED-9F47C76DA625}.Debug|Any CPU.ActiveCfg = Debug|Any CPU
		{09A5D5E0-7895-48A4-A3ED-9F47C76DA625}.Debug|Any CPU.Build.0 = Debug|Any CPU
		{09A5D5E0-7895-48A4-A3ED-9F47C76DA625}.Release|Any CPU.ActiveCfg = Release|Any CPU
		{09A5D5E0-7895-48A4-A3ED-9F47C76DA625}.Release|Any CPU.Build.0 = Release|Any CPU
		{6D2DFD5B-FB2E-4498-AD6E-3AA50AA94A44}.Debug|Any CPU.ActiveCfg = Debug|Any CPU
		{6D2DFD5B-FB2E-4498-AD6E-3AA50AA94A44}.Debug|Any CPU.Build.0 = Debug|Any CPU
		{6D2DFD5B-FB2E-4498-AD6E-3AA50AA94A44}.Release|Any CPU.ActiveCfg = Release|Any CPU
		{6D2DFD5B-FB2E-4498-AD6E-3AA50AA94A44}.Release|Any CPU.Build.0 = Release|Any CPU
		{91E79111-EDB3-4870-92E5-9822111E7F7C}.Debug|Any CPU.ActiveCfg = Debug|Any CPU
		{91E79111-EDB3-4870-92E5-9822111E7F7C}.Debug|Any CPU.Build.0 = Debug|Any CPU
		{91E79111-EDB3-4870-92E5-9822111E7F7C}.Release|Any CPU.ActiveCfg = Release|Any CPU
		{91E79111-EDB3-4870-92E5-9822111E7F7C}.Release|Any CPU.Build.0 = Release|Any CPU
		{7618C2B5-F2ED-444D-9F79-FBE0CBEFD26D}.Debug|Any CPU.ActiveCfg = Debug|Any CPU
		{7618C2B5-F2ED-444D-9F79-FBE0CBEFD26D}.Debug|Any CPU.Build.0 = Debug|Any CPU
		{7618C2B5-F2ED-444D-9F79-FBE0CBEFD26D}.Release|Any CPU.ActiveCfg = Release|Any CPU
		{7618C2B5-F2ED-444D-9F79-FBE0CBEFD26D}.Release|Any CPU.Build.0 = Release|Any CPU
		{A00ED422-5E53-4B3B-AFE8-6F8476C6A883}.Debug|Any CPU.ActiveCfg = Debug|Any CPU
		{A00ED422-5E53-4B3B-AFE8-6F8476C6A883}.Debug|Any CPU.Build.0 = Debug|Any CPU
		{A00ED422-5E53-4B3B-AFE8-6F8476C6A883}.Release|Any CPU.ActiveCfg = Release|Any CPU
		{A00ED422-5E53-4B3B-AFE8-6F8476C6A883}.Release|Any CPU.Build.0 = Release|Any CPU
		{AD84F715-8134-46D0-86A2-2F2EAC733489}.Debug|Any CPU.ActiveCfg = Debug|Any CPU
		{AD84F715-8134-46D0-86A2-2F2EAC733489}.Debug|Any CPU.Build.0 = Debug|Any CPU
		{AD84F715-8134-46D0-86A2-2F2EAC733489}.Release|Any CPU.ActiveCfg = Release|Any CPU
		{AD84F715-8134-46D0-86A2-2F2EAC733489}.Release|Any CPU.Build.0 = Release|Any CPU
		{BEB96AF2-9C39-45FB-A1D3-D8449BC46F88}.Debug|Any CPU.ActiveCfg = Debug|Any CPU
		{BEB96AF2-9C39-45FB-A1D3-D8449BC46F88}.Debug|Any CPU.Build.0 = Debug|Any CPU
		{BEB96AF2-9C39-45FB-A1D3-D8449BC46F88}.Release|Any CPU.ActiveCfg = Release|Any CPU
		{BEB96AF2-9C39-45FB-A1D3-D8449BC46F88}.Release|Any CPU.Build.0 = Release|Any CPU
		{F6A26FBF-D3D9-458A-A53C-9277239CC09C}.Debug|Any CPU.ActiveCfg = Debug|Any CPU
		{F6A26FBF-D3D9-458A-A53C-9277239CC09C}.Debug|Any CPU.Build.0 = Debug|Any CPU
		{F6A26FBF-D3D9-458A-A53C-9277239CC09C}.Release|Any CPU.ActiveCfg = Release|Any CPU
		{F6A26FBF-D3D9-458A-A53C-9277239CC09C}.Release|Any CPU.Build.0 = Release|Any CPU
		{E01D7D8F-7780-42C4-9F64-0BE3DE432380}.Debug|Any CPU.ActiveCfg = Debug|Any CPU
		{E01D7D8F-7780-42C4-9F64-0BE3DE432380}.Debug|Any CPU.Build.0 = Debug|Any CPU
		{E01D7D8F-7780-42C4-9F64-0BE3DE432380}.Release|Any CPU.ActiveCfg = Release|Any CPU
		{E01D7D8F-7780-42C4-9F64-0BE3DE432380}.Release|Any CPU.Build.0 = Release|Any CPU
		{72629E64-FB64-4DAF-BE83-BF0E8896915F}.Debug|Any CPU.ActiveCfg = Debug|Any CPU
		{72629E64-FB64-4DAF-BE83-BF0E8896915F}.Debug|Any CPU.Build.0 = Debug|Any CPU
		{72629E64-FB64-4DAF-BE83-BF0E8896915F}.Release|Any CPU.ActiveCfg = Release|Any CPU
		{72629E64-FB64-4DAF-BE83-BF0E8896915F}.Release|Any CPU.Build.0 = Release|Any CPU
		{CB61FC39-E18B-44AD-8C6E-D6B787303074}.Debug|Any CPU.ActiveCfg = Debug|Any CPU
		{CB61FC39-E18B-44AD-8C6E-D6B787303074}.Debug|Any CPU.Build.0 = Debug|Any CPU
		{CB61FC39-E18B-44AD-8C6E-D6B787303074}.Release|Any CPU.ActiveCfg = Release|Any CPU
		{CB61FC39-E18B-44AD-8C6E-D6B787303074}.Release|Any CPU.Build.0 = Release|Any CPU
		{3104D349-3127-4D45-85C7-36079C2D3F7E}.Debug|Any CPU.ActiveCfg = Debug|Any CPU
		{3104D349-3127-4D45-85C7-36079C2D3F7E}.Debug|Any CPU.Build.0 = Debug|Any CPU
		{3104D349-3127-4D45-85C7-36079C2D3F7E}.Release|Any CPU.ActiveCfg = Release|Any CPU
		{3104D349-3127-4D45-85C7-36079C2D3F7E}.Release|Any CPU.Build.0 = Release|Any CPU
		{C6FA9A9F-C8A2-4B4E-A8FB-DB963A560BEA}.Debug|Any CPU.ActiveCfg = Debug|Any CPU
		{C6FA9A9F-C8A2-4B4E-A8FB-DB963A560BEA}.Debug|Any CPU.Build.0 = Debug|Any CPU
		{C6FA9A9F-C8A2-4B4E-A8FB-DB963A560BEA}.Release|Any CPU.ActiveCfg = Release|Any CPU
		{C6FA9A9F-C8A2-4B4E-A8FB-DB963A560BEA}.Release|Any CPU.Build.0 = Release|Any CPU
	EndGlobalSection
	GlobalSection(SolutionProperties) = preSolution
		HideSolutionNode = FALSE
	EndGlobalSection
	GlobalSection(ExtensibilityGlobals) = postSolution
		SolutionGuid = {40B9482E-DD86-409B-B848-B5F510F30C76}
	EndGlobalSection
EndGlobal
