
Microsoft Visual Studio Solution File, Format Version 12.00
# Visual Studio Version 16
VisualStudioVersion = 16.0.30320.27
MinimumVisualStudioVersion = 10.0.40219.1
Project("{FAE04EC0-301F-11D3-BF4B-00C04F79EFBC}") = "Singleton", "Singleton\Singleton.csproj", "{A046E444-A1D6-4599-897E-05D6BF2E480E}"
EndProject
Project("{FAE04EC0-301F-11D3-BF4B-00C04F79EFBC}") = "FactoryMethod", "FactoryMethod\FactoryMethod.csproj", "{F733C2ED-C5DC-4473-9E6B-1C29179CFAF9}"
EndProject
Project("{FAE04EC0-301F-11D3-BF4B-00C04F79EFBC}") = "Builder", "Builder\Builder.csproj", "{39F23CF8-968B-45DD-A586-36EC3534D83F}"
EndProject
Project("{FAE04EC0-301F-11D3-BF4B-00C04F79EFBC}") = "Strategy", "Strategy\Strategy.csproj", "{EDB58414-0193-4A56-AE96-4698107EA967}"
EndProject
Project("{FAE04EC0-301F-11D3-BF4B-00C04F79EFBC}") = "Decorator", "Decorator\Decorator.csproj", "{89B4C445-5C81-41B8-A804-779311CE7D13}"
EndProject
Project("{FAE04EC0-301F-11D3-BF4B-00C04F79EFBC}") = "AbstractFactory", "AbstractFactory\AbstractFactory.csproj", "{DF976039-A9D2-4A03-85D1-F68EECF3670B}"
EndProject
Global
	GlobalSection(SolutionConfigurationPlatforms) = preSolution
		Debug|Any CPU = Debug|Any CPU
		Release|Any CPU = Release|Any CPU
	EndGlobalSection
	GlobalSection(ProjectConfigurationPlatforms) = postSolution
		{A046E444-A1D6-4599-897E-05D6BF2E480E}.Debug|Any CPU.ActiveCfg = Debug|Any CPU
		{A046E444-A1D6-4599-897E-05D6BF2E480E}.Debug|Any CPU.Build.0 = Debug|Any CPU
		{A046E444-A1D6-4599-897E-05D6BF2E480E}.Release|Any CPU.ActiveCfg = Release|Any CPU
		{A046E444-A1D6-4599-897E-05D6BF2E480E}.Release|Any CPU.Build.0 = Release|Any CPU
		{F733C2ED-C5DC-4473-9E6B-1C29179CFAF9}.Debug|Any CPU.ActiveCfg = Debug|Any CPU
		{F733C2ED-C5DC-4473-9E6B-1C29179CFAF9}.Debug|Any CPU.Build.0 = Debug|Any CPU
		{F733C2ED-C5DC-4473-9E6B-1C29179CFAF9}.Release|Any CPU.ActiveCfg = Release|Any CPU
		{F733C2ED-C5DC-4473-9E6B-1C29179CFAF9}.Release|Any CPU.Build.0 = Release|Any CPU
		{39F23CF8-968B-45DD-A586-36EC3534D83F}.Debug|Any CPU.ActiveCfg = Debug|Any CPU
		{39F23CF8-968B-45DD-A586-36EC3534D83F}.Debug|Any CPU.Build.0 = Debug|Any CPU
		{39F23CF8-968B-45DD-A586-36EC3534D83F}.Release|Any CPU.ActiveCfg = Release|Any CPU
		{39F23CF8-968B-45DD-A586-36EC3534D83F}.Release|Any CPU.Build.0 = Release|Any CPU
		{EDB58414-0193-4A56-AE96-4698107EA967}.Debug|Any CPU.ActiveCfg = Debug|Any CPU
		{EDB58414-0193-4A56-AE96-4698107EA967}.Debug|Any CPU.Build.0 = Debug|Any CPU
		{EDB58414-0193-4A56-AE96-4698107EA967}.Release|Any CPU.ActiveCfg = Release|Any CPU
		{EDB58414-0193-4A56-AE96-4698107EA967}.Release|Any CPU.Build.0 = Release|Any CPU
		{89B4C445-5C81-41B8-A804-779311CE7D13}.Debug|Any CPU.ActiveCfg = Debug|Any CPU
		{89B4C445-5C81-41B8-A804-779311CE7D13}.Debug|Any CPU.Build.0 = Debug|Any CPU
		{89B4C445-5C81-41B8-A804-779311CE7D13}.Release|Any CPU.ActiveCfg = Release|Any CPU
		{89B4C445-5C81-41B8-A804-779311CE7D13}.Release|Any CPU.Build.0 = Release|Any CPU
		{DF976039-A9D2-4A03-85D1-F68EECF3670B}.Debug|Any CPU.ActiveCfg = Debug|Any CPU
		{DF976039-A9D2-4A03-85D1-F68EECF3670B}.Debug|Any CPU.Build.0 = Debug|Any CPU
		{DF976039-A9D2-4A03-85D1-F68EECF3670B}.Release|Any CPU.ActiveCfg = Release|Any CPU
		{DF976039-A9D2-4A03-85D1-F68EECF3670B}.Release|Any CPU.Build.0 = Release|Any CPU
	EndGlobalSection
	GlobalSection(SolutionProperties) = preSolution
		HideSolutionNode = FALSE
	EndGlobalSection
	GlobalSection(ExtensibilityGlobals) = postSolution
		SolutionGuid = {40B9482E-DD86-409B-B848-B5F510F30C76}
	EndGlobalSection
EndGlobal
